{
  "originHash" : "8980f59140cc7f119e0e954c34b639328d71a8d4a5e7be019c3920ae544ccef9",
  "pins" : [
    {
      "identity" : "capacitor-swift-pm",
      "kind" : "remoteSourceControl",
      "location" : "https://github.com/ionic-team/capacitor-swift-pm.git",
      "state" : {
        "revision" : "2231987d85b8b0b289320b1d0947b4ae8345cde4",
        "version" : "8.4.1"
      }
    },
    {
      "identity" : "razorpay-pod",
      "kind" : "remoteSourceControl",
      "location" : "https://github.com/razorpay/razorpay-pod.git",
      "state" : {
        "revision" : "55825c43d5b7fad08e17201f6dfe6095703fcb30",
        "version" : "1.5.4"
      }
    }
  ],
  "version" : 3
}
